
Microsoft Visual Studio Solution File, Format Version 11.00
# Visual C# Express 2010
Project("{FAE04EC0-301F-11D3-BF4B-00C04F79EFBC}") = "InputRecorder", "InputRecorder\InputRecorder.csproj", "{53DBC52B-16BA-4AAB-8786-613E2BC9C01D}"
EndProject
Global
	GlobalSection(SolutionConfigurationPlatforms) = preSolution
		Debug|x86 = Debug|x86
		Release|x86 = Release|x86
	EndGlobalSection
	GlobalSection(ProjectConfigurationPlatforms) = postSolution
		{53DBC52B-16BA-4AAB-8786-613E2BC9C01D}.Debug|x86.ActiveCfg = Debug|x86
		{53DBC52B-16BA-4AAB-8786-613E2BC9C01D}.Debug|x86.Build.0 = Debug|x86
		{53DBC52B-16BA-4AAB-8786-613E2BC9C01D}.Release|x86.ActiveCfg = Release|x86
		{53DBC52B-16BA-4AAB-8786-613E2BC9C01D}.Release|x86.Build.0 = Release|x86
	EndGlobalSection
	GlobalSection(SolutionProperties) = preSolution
		HideSolutionNode = FALSE
	EndGlobalSection
EndGlobal
